
Microsoft Visual Studio Solution File, Format Version 12.00
# Visual Studio Version 16
VisualStudioVersion = 16.0.31105.61
MinimumVisualStudioVersion = 10.0.40219.1
Project("{2150E333-8FDC-42A3-9474-1A3956D46DE8}") = "Services", "Services", "{5BF94878-CBDA-4FDF-9421-55B20305B237}"
EndProject
Project("{2150E333-8FDC-42A3-9474-1A3956D46DE8}") = "Payment", "Payment", "{1BA85FB6-5F87-478D-A1AA-0A0E7C472BA7}"
EndProject
Project("{9A19103F-16F7-4668-BE54-9A1E7A4F7556}") = "Payment.API", "Services\Payment\Payment.API\Payment.API.csproj", "{65D17786-C778-4EF0-9CE4-78C02887B32E}"
EndProject
Project("{9A19103F-16F7-4668-BE54-9A1E7A4F7556}") = "Payment.Application", "Services\Payment\Payment.Application\Payment.Application.csproj", "{BCA7B482-521C-4ABD-9E12-3801BFA825D3}"
EndProject
Project("{9A19103F-16F7-4668-BE54-9A1E7A4F7556}") = "Payment.Domain", "Services\Payment\Payment.Domain\Payment.Domain.csproj", "{99889665-AC83-42A1-A99A-D2EEA0397EFF}"
EndProject
Project("{9A19103F-16F7-4668-BE54-9A1E7A4F7556}") = "Payment.Infrastructure", "Services\Payment\Payment.Infrastructure\Payment.Infrastructure.csproj", "{9DD08CA5-9F05-4682-8E8E-988552489974}"
EndProject
Project("{2150E333-8FDC-42A3-9474-1A3956D46DE8}") = "AcquiringBank", "AcquiringBank", "{8272D657-4334-40A9-AD9B-19069AED3035}"
EndProject
Project("{9A19103F-16F7-4668-BE54-9A1E7A4F7556}") = "AcquiringBank.API", "AcquiringBank\AcquiringBank.API\AcquiringBank.API.csproj", "{F2442E8E-A5E3-48E3-A0FB-639A48F4BB15}"
EndProject
Project("{E53339B2-1760-4266-BCC7-CA923CBCF16C}") = "docker-compose", "docker-compose.dcproj", "{7F75C6FF-3E52-418F-8371-00CC7205C63D}"
EndProject
Global
	GlobalSection(SolutionConfigurationPlatforms) = preSolution
		Debug|Any CPU = Debug|Any CPU
		Release|Any CPU = Release|Any CPU
	EndGlobalSection
	GlobalSection(ProjectConfigurationPlatforms) = postSolution
		{65D17786-C778-4EF0-9CE4-78C02887B32E}.Debug|Any CPU.ActiveCfg = Debug|Any CPU
		{65D17786-C778-4EF0-9CE4-78C02887B32E}.Debug|Any CPU.Build.0 = Debug|Any CPU
		{65D17786-C778-4EF0-9CE4-78C02887B32E}.Release|Any CPU.ActiveCfg = Release|Any CPU
		{65D17786-C778-4EF0-9CE4-78C02887B32E}.Release|Any CPU.Build.0 = Release|Any CPU
		{BCA7B482-521C-4ABD-9E12-3801BFA825D3}.Debug|Any CPU.ActiveCfg = Debug|Any CPU
		{BCA7B482-521C-4ABD-9E12-3801BFA825D3}.Debug|Any CPU.Build.0 = Debug|Any CPU
		{BCA7B482-521C-4ABD-9E12-3801BFA825D3}.Release|Any CPU.ActiveCfg = Release|Any CPU
		{BCA7B482-521C-4ABD-9E12-3801BFA825D3}.Release|Any CPU.Build.0 = Release|Any CPU
		{99889665-AC83-42A1-A99A-D2EEA0397EFF}.Debug|Any CPU.ActiveCfg = Debug|Any CPU
		{99889665-AC83-42A1-A99A-D2EEA0397EFF}.Debug|Any CPU.Build.0 = Debug|Any CPU
		{99889665-AC83-42A1-A99A-D2EEA0397EFF}.Release|Any CPU.ActiveCfg = Release|Any CPU
		{99889665-AC83-42A1-A99A-D2EEA0397EFF}.Release|Any CPU.Build.0 = Release|Any CPU
		{9DD08CA5-9F05-4682-8E8E-988552489974}.Debug|Any CPU.ActiveCfg = Debug|Any CPU
		{9DD08CA5-9F05-4682-8E8E-988552489974}.Debug|Any CPU.Build.0 = Debug|Any CPU
		{9DD08CA5-9F05-4682-8E8E-988552489974}.Release|Any CPU.ActiveCfg = Release|Any CPU
		{9DD08CA5-9F05-4682-8E8E-988552489974}.Release|Any CPU.Build.0 = Release|Any CPU
		{F2442E8E-A5E3-48E3-A0FB-639A48F4BB15}.Debug|Any CPU.ActiveCfg = Debug|Any CPU
		{F2442E8E-A5E3-48E3-A0FB-639A48F4BB15}.Debug|Any CPU.Build.0 = Debug|Any CPU
		{F2442E8E-A5E3-48E3-A0FB-639A48F4BB15}.Release|Any CPU.ActiveCfg = Release|Any CPU
		{F2442E8E-A5E3-48E3-A0FB-639A48F4BB15}.Release|Any CPU.Build.0 = Release|Any CPU
		{7F75C6FF-3E52-418F-8371-00CC7205C63D}.Debug|Any CPU.ActiveCfg = Debug|Any CPU
		{7F75C6FF-3E52-418F-8371-00CC7205C63D}.Debug|Any CPU.Build.0 = Debug|Any CPU
		{7F75C6FF-3E52-418F-8371-00CC7205C63D}.Release|Any CPU.ActiveCfg = Release|Any CPU
		{7F75C6FF-3E52-418F-8371-00CC7205C63D}.Release|Any CPU.Build.0 = Release|Any CPU
	EndGlobalSection
	GlobalSection(SolutionProperties) = preSolution
		HideSolutionNode = FALSE
	EndGlobalSection
	GlobalSection(NestedProjects) = preSolution
		{1BA85FB6-5F87-478D-A1AA-0A0E7C472BA7} = {5BF94878-CBDA-4FDF-9421-55B20305B237}
		{65D17786-C778-4EF0-9CE4-78C02887B32E} = {1BA85FB6-5F87-478D-A1AA-0A0E7C472BA7}
		{BCA7B482-521C-4ABD-9E12-3801BFA825D3} = {1BA85FB6-5F87-478D-A1AA-0A0E7C472BA7}
		{99889665-AC83-42A1-A99A-D2EEA0397EFF} = {1BA85FB6-5F87-478D-A1AA-0A0E7C472BA7}
		{9DD08CA5-9F05-4682-8E8E-988552489974} = {1BA85FB6-5F87-478D-A1AA-0A0E7C472BA7}
		{F2442E8E-A5E3-48E3-A0FB-639A48F4BB15} = {8272D657-4334-40A9-AD9B-19069AED3035}
	EndGlobalSection
	GlobalSection(ExtensibilityGlobals) = postSolution
		SolutionGuid = {A53FAE88-4515-4EF6-BA54-877E3E94F529}
	EndGlobalSection
EndGlobal
